
Microsoft Visual Studio Solution File, Format Version 12.00
# Visual Studio 14
VisualStudioVersion = 14.0.25420.1
MinimumVisualStudioVersion = 10.0.40219.1
Project("{FAE04EC0-301F-11D3-BF4B-00C04F79EFBC}") = "ScalingCleverDemo.UWP", "ScalingCleverDemo.UWP\ScalingCleverDemo.UWP.csproj", "{FE4385FE-BED3-4C59-AE15-EB807E6FC169}"
EndProject
Project("{D954291E-2A0B-460D-934E-DC6B0785DB48}") = "ScalingClever.Shared", "ScalingClever.Shared\ScalingClever.Shared.shproj", "{FA555C93-6FF9-47BC-9947-70C8DD3B64DA}"
EndProject
Project("{FAE04EC0-301F-11D3-BF4B-00C04F79EFBC}") = "ScalingClever.UWP", "ScalingClever.UWP\ScalingClever.UWP.csproj", "{DA8AB2A4-CE9F-4DB5-87A0-1EE7A2DF31FA}"
EndProject
Project("{D954291E-2A0B-460D-934E-DC6B0785DB48}") = "ScalingCleverDemo.Shared", "ScalingCleverDemo.Shared\ScalingCleverDemo.Shared.shproj", "{4387E79D-B7C5-48C9-81DD-DB4C7E1BD0A2}"
EndProject
Project("{FAE04EC0-301F-11D3-BF4B-00C04F79EFBC}") = "ScalingCleverDemo.Android", "ScalingCleverDemo.Android\ScalingCleverDemo.Android.csproj", "{13FE0924-DF01-4436-A6D5-004BC374369E}"
EndProject
Project("{FAE04EC0-301F-11D3-BF4B-00C04F79EFBC}") = "ScalingClever.Android", "ScalingClever.Android\ScalingClever.Android.csproj", "{D205BF13-F2FA-45F8-80CE-EFB9AB3AE9BB}"
EndProject
Project("{FAE04EC0-301F-11D3-BF4B-00C04F79EFBC}") = "ScalingCleverDemo.iOS", "ScalingCleverDemo.iOS\ScalingCleverDemo.iOS.csproj", "{0B38E03A-C308-4599-9491-2770B3059B6C}"
EndProject
Project("{FAE04EC0-301F-11D3-BF4B-00C04F79EFBC}") = "ScalingClever.iOS", "ScalingClever.iOS\ScalingClever.iOS.csproj", "{D4858370-2E02-4B44-B716-F38FE3EB2D97}"
EndProject
Project("{FAE04EC0-301F-11D3-BF4B-00C04F79EFBC}") = "ScalingClever.WP81", "ScalingClever.WP81\ScalingClever.WP81.csproj", "{71780FC7-9469-438A-A363-E975E1629707}"
EndProject
Project("{FAE04EC0-301F-11D3-BF4B-00C04F79EFBC}") = "ScalingCleverDemo.WP81", "ScalingCleverDemo.WP81\ScalingCleverDemo.WP81.csproj", "{AC1DF8F5-48B4-44F9-A6E3-0F71D061321C}"
EndProject
Project("{FAE04EC0-301F-11D3-BF4B-00C04F79EFBC}") = "ScalingCleverDemo.Windows", "ScalingCleverDemo.Windows\ScalingCleverDemo.Windows.csproj", "{22D63A0A-FC3B-4DBF-88B9-A078DAF82D33}"
EndProject
Project("{FAE04EC0-301F-11D3-BF4B-00C04F79EFBC}") = "ScalingClever.Windows", "ScalingClever.Windows\ScalingClever.Windows.csproj", "{135D3CA1-D4A7-4BBE-AD09-346995B9FE0C}"
EndProject
Project("{FAE04EC0-301F-11D3-BF4B-00C04F79EFBC}") = "ScalingClever.Mac", "ScalingClever.Mac\ScalingClever.Mac.csproj", "{E1808D97-1970-4560-B497-BDB763E4FCA9}"
EndProject
Project("{FAE04EC0-301F-11D3-BF4B-00C04F79EFBC}") = "ScalingClever.WP8", "ScalingClever.WP8\ScalingClever.WP8.csproj", "{85D82E87-420D-4A67-9B8B-4297A4A105CF}"
EndProject
Project("{FAE04EC0-301F-11D3-BF4B-00C04F79EFBC}") = "ScalingCleverDemo.WP8", "ScalingCleverDemo.WP8\ScalingCleverDemo.WP8.csproj", "{49D8530A-4B3A-4E28-A209-7EE3BA0086E7}"
EndProject
Global
	GlobalSection(SharedMSBuildProjectFiles) = preSolution
		ScalingCleverDemo.Shared\ScalingCleverDemo.Shared.projitems*{0b38e03a-c308-4599-9491-2770b3059b6c}*SharedItemsImports = 4
		ScalingClever.Shared\ScalingClever.Shared.projitems*{135d3ca1-d4a7-4bbe-ad09-346995b9fe0c}*SharedItemsImports = 4
		ScalingCleverDemo.Shared\ScalingCleverDemo.Shared.projitems*{13fe0924-df01-4436-a6d5-004bc374369e}*SharedItemsImports = 4
		ScalingCleverDemo.Shared\ScalingCleverDemo.Shared.projitems*{22d63a0a-fc3b-4dbf-88b9-a078daf82d33}*SharedItemsImports = 4
		ScalingCleverDemo.Shared\ScalingCleverDemo.Shared.projitems*{4387e79d-b7c5-48c9-81dd-db4c7e1bd0a2}*SharedItemsImports = 13
		ScalingClever.Shared\ScalingClever.Shared.projitems*{71780fc7-9469-438a-a363-e975e1629707}*SharedItemsImports = 4
		ScalingClever.Shared\ScalingClever.Shared.projitems*{85d82e87-420d-4a67-9b8b-4297a4a105cf}*SharedItemsImports = 4
		ScalingCleverDemo.Shared\ScalingCleverDemo.Shared.projitems*{ac1df8f5-48b4-44f9-a6e3-0f71d061321c}*SharedItemsImports = 4
		ScalingClever.Shared\ScalingClever.Shared.projitems*{d205bf13-f2fa-45f8-80ce-efb9ab3ae9bb}*SharedItemsImports = 4
		ScalingClever.Shared\ScalingClever.Shared.projitems*{d4858370-2e02-4b44-b716-f38fe3eb2d97}*SharedItemsImports = 4
		ScalingClever.Shared\ScalingClever.Shared.projitems*{da8ab2a4-ce9f-4db5-87a0-1ee7a2df31fa}*SharedItemsImports = 4
		ScalingClever.Shared\ScalingClever.Shared.projitems*{e1808d97-1970-4560-b497-bdb763e4fca9}*SharedItemsImports = 4
		ScalingClever.Shared\ScalingClever.Shared.projitems*{fa555c93-6ff9-47bc-9947-70c8dd3b64da}*SharedItemsImports = 13
		ScalingCleverDemo.Shared\ScalingCleverDemo.Shared.projitems*{fe4385fe-bed3-4c59-ae15-eb807e6fc169}*SharedItemsImports = 4
	EndGlobalSection
	GlobalSection(SolutionConfigurationPlatforms) = preSolution
		Ad-Hoc|Any CPU = Ad-Hoc|Any CPU
		Ad-Hoc|ARM = Ad-Hoc|ARM
		Ad-Hoc|iPhone = Ad-Hoc|iPhone
		Ad-Hoc|iPhoneSimulator = Ad-Hoc|iPhoneSimulator
		Ad-Hoc|x64 = Ad-Hoc|x64
		Ad-Hoc|x86 = Ad-Hoc|x86
		AppStore|Any CPU = AppStore|Any CPU
		AppStore|ARM = AppStore|ARM
		AppStore|iPhone = AppStore|iPhone
		AppStore|iPhoneSimulator = AppStore|iPhoneSimulator
		AppStore|x64 = AppStore|x64
		AppStore|x86 = AppStore|x86
		Debug|Any CPU = Debug|Any CPU
		Debug|ARM = Debug|ARM
		Debug|iPhone = Debug|iPhone
		Debug|iPhoneSimulator = Debug|iPhoneSimulator
		Debug|x64 = Debug|x64
		Debug|x86 = Debug|x86
		Release|Any CPU = Release|Any CPU
		Release|ARM = Release|ARM
		Release|iPhone = Release|iPhone
		Release|iPhoneSimulator = Release|iPhoneSimulator
		Release|x64 = Release|x64
		Release|x86 = Release|x86
	EndGlobalSection
	GlobalSection(ProjectConfigurationPlatforms) = postSolution
		{FE4385FE-BED3-4C59-AE15-EB807E6FC169}.Ad-Hoc|Any CPU.ActiveCfg = Release|x64
		{FE4385FE-BED3-4C59-AE15-EB807E6FC169}.Ad-Hoc|Any CPU.Build.0 = Release|x64
		{FE4385FE-BED3-4C59-AE15-EB807E6FC169}.Ad-Hoc|Any CPU.Deploy.0 = Release|x64
		{FE4385FE-BED3-4C59-AE15-EB807E6FC169}.Ad-Hoc|ARM.ActiveCfg = Release|ARM
		{FE4385FE-BED3-4C59-AE15-EB807E6FC169}.Ad-Hoc|ARM.Build.0 = Release|ARM
		{FE4385FE-BED3-4C59-AE15-EB807E6FC169}.Ad-Hoc|ARM.Deploy.0 = Release|ARM
		{FE4385FE-BED3-4C59-AE15-EB807E6FC169}.Ad-Hoc|iPhone.ActiveCfg = Release|x64
		{FE4385FE-BED3-4C59-AE15-EB807E6FC169}.Ad-Hoc|iPhone.Build.0 = Release|x64
		{FE4385FE-BED3-4C59-AE15-EB807E6FC169}.Ad-Hoc|iPhone.Deploy.0 = Release|x64
		{FE4385FE-BED3-4C59-AE15-EB807E6FC169}.Ad-Hoc|iPhoneSimulator.ActiveCfg = Release|x64
		{FE4385FE-BED3-4C59-AE15-EB807E6FC169}.Ad-Hoc|iPhoneSimulator.Build.0 = Release|x64
		{FE4385FE-BED3-4C59-AE15-EB807E6FC169}.Ad-Hoc|iPhoneSimulator.Deploy.0 = Release|x64
		{FE4385FE-BED3-4C59-AE15-EB807E6FC169}.Ad-Hoc|x64.ActiveCfg = Release|x64
		{FE4385FE-BED3-4C59-AE15-EB807E6FC169}.Ad-Hoc|x64.Build.0 = Release|x64
		{FE4385FE-BED3-4C59-AE15-EB807E6FC169}.Ad-Hoc|x64.Deploy.0 = Release|x64
		{FE4385FE-BED3-4C59-AE15-EB807E6FC169}.Ad-Hoc|x86.ActiveCfg = Release|x86
		{FE4385FE-BED3-4C59-AE15-EB807E6FC169}.Ad-Hoc|x86.Build.0 = Release|x86
		{FE4385FE-BED3-4C59-AE15-EB807E6FC169}.Ad-Hoc|x86.Deploy.0 = Release|x86
		{FE4385FE-BED3-4C59-AE15-EB807E6FC169}.AppStore|Any CPU.ActiveCfg = Release|x64
		{FE4385FE-BED3-4C59-AE15-EB807E6FC169}.AppStore|Any CPU.Build.0 = Release|x64
		{FE4385FE-BED3-4C59-AE15-EB807E6FC169}.AppStore|Any CPU.Deploy.0 = Release|x64
		{FE4385FE-BED3-4C59-AE15-EB807E6FC169}.AppStore|ARM.ActiveCfg = Release|ARM
		{FE4385FE-BED3-4C59-AE15-EB807E6FC169}.AppStore|ARM.Build.0 = Release|ARM
		{FE4385FE-BED3-4C59-AE15-EB807E6FC169}.AppStore|ARM.Deploy.0 = Release|ARM
		{FE4385FE-BED3-4C59-AE15-EB807E6FC169}.AppStore|iPhone.ActiveCfg = Release|x64
		{FE4385FE-BED3-4C59-AE15-EB807E6FC169}.AppStore|iPhone.Build.0 = Release|x64
		{FE4385FE-BED3-4C59-AE15-EB807E6FC169}.AppStore|iPhone.Deploy.0 = Release|x64
		{FE4385FE-BED3-4C59-AE15-EB807E6FC169}.AppStore|iPhoneSimulator.ActiveCfg = Release|x64
		{FE4385FE-BED3-4C59-AE15-EB807E6FC169}.AppStore|iPhoneSimulator.Build.0 = Release|x64
		{FE4385FE-BED3-4C59-AE15-EB807E6FC169}.AppStore|iPhoneSimulator.Deploy.0 = Release|x64
		{FE4385FE-BED3-4C59-AE15-EB807E6FC169}.AppStore|x64.ActiveCfg = Release|x64
		{FE4385FE-BED3-4C59-AE15-EB807E6FC169}.AppStore|x64.Build.0 = Release|x64
		{FE4385FE-BED3-4C59-AE15-EB807E6FC169}.AppStore|x64.Deploy.0 = Release|x64
		{FE4385FE-BED3-4C59-AE15-EB807E6FC169}.AppStore|x86.ActiveCfg = Release|x86
		{FE4385FE-BED3-4C59-AE15-EB807E6FC169}.AppStore|x86.Build.0 = Release|x86
		{FE4385FE-BED3-4C59-AE15-EB807E6FC169}.AppStore|x86.Deploy.0 = Release|x86
		{FE4385FE-BED3-4C59-AE15-EB807E6FC169}.Debug|Any CPU.ActiveCfg = Debug|x86
		{FE4385FE-BED3-4C59-AE15-EB807E6FC169}.Debug|ARM.ActiveCfg = Debug|ARM
		{FE4385FE-BED3-4C59-AE15-EB807E6FC169}.Debug|ARM.Build.0 = Debug|ARM
		{FE4385FE-BED3-4C59-AE15-EB807E6FC169}.Debug|ARM.Deploy.0 = Debug|ARM
		{FE4385FE-BED3-4C59-AE15-EB807E6FC169}.Debug|iPhone.ActiveCfg = Debug|x86
		{FE4385FE-BED3-4C59-AE15-EB807E6FC169}.Debug|iPhoneSimulator.ActiveCfg = Debug|x86
		{FE4385FE-BED3-4C59-AE15-EB807E6FC169}.Debug|x64.ActiveCfg = Debug|x64
		{FE4385FE-BED3-4C59-AE15-EB807E6FC169}.Debug|x64.Build.0 = Debug|x64
		{FE4385FE-BED3-4C59-AE15-EB807E6FC169}.Debug|x64.Deploy.0 = Debug|x64
		{FE4385FE-BED3-4C59-AE15-EB807E6FC169}.Debug|x86.ActiveCfg = Debug|x86
		{FE4385FE-BED3-4C59-AE15-EB807E6FC169}.Debug|x86.Build.0 = Debug|x86
		{FE4385FE-BED3-4C59-AE15-EB807E6FC169}.Debug|x86.Deploy.0 = Debug|x86
		{FE4385FE-BED3-4C59-AE15-EB807E6FC169}.Release|Any CPU.ActiveCfg = Release|x86
		{FE4385FE-BED3-4C59-AE15-EB807E6FC169}.Release|ARM.ActiveCfg = Release|ARM
		{FE4385FE-BED3-4C59-AE15-EB807E6FC169}.Release|ARM.Build.0 = Release|ARM
		{FE4385FE-BED3-4C59-AE15-EB807E6FC169}.Release|ARM.Deploy.0 = Release|ARM
		{FE4385FE-BED3-4C59-AE15-EB807E6FC169}.Release|iPhone.ActiveCfg = Release|x86
		{FE4385FE-BED3-4C59-AE15-EB807E6FC169}.Release|iPhoneSimulator.ActiveCfg = Release|x86
		{FE4385FE-BED3-4C59-AE15-EB807E6FC169}.Release|x64.ActiveCfg = Release|x64
		{FE4385FE-BED3-4C59-AE15-EB807E6FC169}.Release|x64.Build.0 = Release|x64
		{FE4385FE-BED3-4C59-AE15-EB807E6FC169}.Release|x64.Deploy.0 = Release|x64
		{FE4385FE-BED3-4C59-AE15-EB807E6FC169}.Release|x86.ActiveCfg = Release|x86
		{FE4385FE-BED3-4C59-AE15-EB807E6FC169}.Release|x86.Build.0 = Release|x86
		{FE4385FE-BED3-4C59-AE15-EB807E6FC169}.Release|x86.Deploy.0 = Release|x86
		{DA8AB2A4-CE9F-4DB5-87A0-1EE7A2DF31FA}.Ad-Hoc|Any CPU.ActiveCfg = Release|Any CPU
		{DA8AB2A4-CE9F-4DB5-87A0-1EE7A2DF31FA}.Ad-Hoc|Any CPU.Build.0 = Release|Any CPU
		{DA8AB2A4-CE9F-4DB5-87A0-1EE7A2DF31FA}.Ad-Hoc|ARM.ActiveCfg = Release|ARM
		{DA8AB2A4-CE9F-4DB5-87A0-1EE7A2DF31FA}.Ad-Hoc|ARM.Build.0 = Release|ARM
		{DA8AB2A4-CE9F-4DB5-87A0-1EE7A2DF31FA}.Ad-Hoc|iPhone.ActiveCfg = Release|Any CPU
		{DA8AB2A4-CE9F-4DB5-87A0-1EE7A2DF31FA}.Ad-Hoc|iPhone.Build.0 = Release|Any CPU
		{DA8AB2A4-CE9F-4DB5-87A0-1EE7A2DF31FA}.Ad-Hoc|iPhoneSimulator.ActiveCfg = Release|Any CPU
		{DA8AB2A4-CE9F-4DB5-87A0-1EE7A2DF31FA}.Ad-Hoc|iPhoneSimulator.Build.0 = Release|Any CPU
		{DA8AB2A4-CE9F-4DB5-87A0-1EE7A2DF31FA}.Ad-Hoc|x64.ActiveCfg = Release|x64
		{DA8AB2A4-CE9F-4DB5-87A0-1EE7A2DF31FA}.Ad-Hoc|x64.Build.0 = Release|x64
		{DA8AB2A4-CE9F-4DB5-87A0-1EE7A2DF31FA}.Ad-Hoc|x86.ActiveCfg = Release|x86
		{DA8AB2A4-CE9F-4DB5-87A0-1EE7A2DF31FA}.Ad-Hoc|x86.Build.0 = Release|x86
		{DA8AB2A4-CE9F-4DB5-87A0-1EE7A2DF31FA}.AppStore|Any CPU.ActiveCfg = Release|Any CPU
		{DA8AB2A4-CE9F-4DB5-87A0-1EE7A2DF31FA}.AppStore|Any CPU.Build.0 = Release|Any CPU
		{DA8AB2A4-CE9F-4DB5-87A0-1EE7A2DF31FA}.AppStore|ARM.ActiveCfg = Release|ARM
		{DA8AB2A4-CE9F-4DB5-87A0-1EE7A2DF31FA}.AppStore|ARM.Build.0 = Release|ARM
		{DA8AB2A4-CE9F-4DB5-87A0-1EE7A2DF31FA}.AppStore|iPhone.ActiveCfg = Release|Any CPU
		{DA8AB2A4-CE9F-4DB5-87A0-1EE7A2DF31FA}.AppStore|iPhone.Build.0 = Release|Any CPU
		{DA8AB2A4-CE9F-4DB5-87A0-1EE7A2DF31FA}.AppStore|iPhoneSimulator.ActiveCfg = Release|Any CPU
		{DA8AB2A4-CE9F-4DB5-87A0-1EE7A2DF31FA}.AppStore|iPhoneSimulator.Build.0 = Release|Any CPU
		{DA8AB2A4-CE9F-4DB5-87A0-1EE7A2DF31FA}.AppStore|x64.ActiveCfg = Release|x64
		{DA8AB2A4-CE9F-4DB5-87A0-1EE7A2DF31FA}.AppStore|x64.Build.0 = Release|x64
		{DA8AB2A4-CE9F-4DB5-87A0-1EE7A2DF31FA}.AppStore|x86.ActiveCfg = Release|x86
		{DA8AB2A4-CE9F-4DB5-87A0-1EE7A2DF31FA}.AppStore|x86.Build.0 = Release|x86
		{DA8AB2A4-CE9F-4DB5-87A0-1EE7A2DF31FA}.Debug|Any CPU.ActiveCfg = Debug|Any CPU
		{DA8AB2A4-CE9F-4DB5-87A0-1EE7A2DF31FA}.Debug|Any CPU.Build.0 = Debug|Any CPU
		{DA8AB2A4-CE9F-4DB5-87A0-1EE7A2DF31FA}.Debug|ARM.ActiveCfg = Debug|ARM
		{DA8AB2A4-CE9F-4DB5-87A0-1EE7A2DF31FA}.Debug|ARM.Build.0 = Debug|ARM
		{DA8AB2A4-CE9F-4DB5-87A0-1EE7A2DF31FA}.Debug|iPhone.ActiveCfg = Debug|Any CPU
		{DA8AB2A4-CE9F-4DB5-87A0-1EE7A2DF31FA}.Debug|iPhone.Build.0 = Debug|Any CPU
		{DA8AB2A4-CE9F-4DB5-87A0-1EE7A2DF31FA}.Debug|iPhoneSimulator.ActiveCfg = Debug|Any CPU
		{DA8AB2A4-CE9F-4DB5-87A0-1EE7A2DF31FA}.Debug|iPhoneSimulator.Build.0 = Debug|Any CPU
		{DA8AB2A4-CE9F-4DB5-87A0-1EE7A2DF31FA}.Debug|x64.ActiveCfg = Debug|x64
		{DA8AB2A4-CE9F-4DB5-87A0-1EE7A2DF31FA}.Debug|x64.Build.0 = Debug|x64
		{DA8AB2A4-CE9F-4DB5-87A0-1EE7A2DF31FA}.Debug|x86.ActiveCfg = Debug|x86
		{DA8AB2A4-CE9F-4DB5-87A0-1EE7A2DF31FA}.Debug|x86.Build.0 = Debug|x86
		{DA8AB2A4-CE9F-4DB5-87A0-1EE7A2DF31FA}.Release|Any CPU.ActiveCfg = Release|Any CPU
		{DA8AB2A4-CE9F-4DB5-87A0-1EE7A2DF31FA}.Release|Any CPU.Build.0 = Release|Any CPU
		{DA8AB2A4-CE9F-4DB5-87A0-1EE7A2DF31FA}.Release|ARM.ActiveCfg = Release|ARM
		{DA8AB2A4-CE9F-4DB5-87A0-1EE7A2DF31FA}.Release|ARM.Build.0 = Release|ARM
		{DA8AB2A4-CE9F-4DB5-87A0-1EE7A2DF31FA}.Release|iPhone.ActiveCfg = Release|Any CPU
		{DA8AB2A4-CE9F-4DB5-87A0-1EE7A2DF31FA}.Release|iPhone.Build.0 = Release|Any CPU
		{DA8AB2A4-CE9F-4DB5-87A0-1EE7A2DF31FA}.Release|iPhoneSimulator.ActiveCfg = Release|Any CPU
		{DA8AB2A4-CE9F-4DB5-87A0-1EE7A2DF31FA}.Release|iPhoneSimulator.Build.0 = Release|Any CPU
		{DA8AB2A4-CE9F-4DB5-87A0-1EE7A2DF31FA}.Release|x64.ActiveCfg = Release|x64
		{DA8AB2A4-CE9F-4DB5-87A0-1EE7A2DF31FA}.Release|x64.Build.0 = Release|x64
		{DA8AB2A4-CE9F-4DB5-87A0-1EE7A2DF31FA}.Release|x86.ActiveCfg = Release|x86
		{DA8AB2A4-CE9F-4DB5-87A0-1EE7A2DF31FA}.Release|x86.Build.0 = Release|x86
		{13FE0924-DF01-4436-A6D5-004BC374369E}.Ad-Hoc|Any CPU.ActiveCfg = Release|Any CPU
		{13FE0924-DF01-4436-A6D5-004BC374369E}.Ad-Hoc|Any CPU.Build.0 = Release|Any CPU
		{13FE0924-DF01-4436-A6D5-004BC374369E}.Ad-Hoc|Any CPU.Deploy.0 = Release|Any CPU
		{13FE0924-DF01-4436-A6D5-004BC374369E}.Ad-Hoc|ARM.ActiveCfg = Release|Any CPU
		{13FE0924-DF01-4436-A6D5-004BC374369E}.Ad-Hoc|ARM.Build.0 = Release|Any CPU
		{13FE0924-DF01-4436-A6D5-004BC374369E}.Ad-Hoc|ARM.Deploy.0 = Release|Any CPU
		{13FE0924-DF01-4436-A6D5-004BC374369E}.Ad-Hoc|iPhone.ActiveCfg = Release|Any CPU
		{13FE0924-DF01-4436-A6D5-004BC374369E}.Ad-Hoc|iPhone.Build.0 = Release|Any CPU
		{13FE0924-DF01-4436-A6D5-004BC374369E}.Ad-Hoc|iPhone.Deploy.0 = Release|Any CPU
		{13FE0924-DF01-4436-A6D5-004BC374369E}.Ad-Hoc|iPhoneSimulator.ActiveCfg = Release|Any CPU
		{13FE0924-DF01-4436-A6D5-004BC374369E}.Ad-Hoc|iPhoneSimulator.Build.0 = Release|Any CPU
		{13FE0924-DF01-4436-A6D5-004BC374369E}.Ad-Hoc|iPhoneSimulator.Deploy.0 = Release|Any CPU
		{13FE0924-DF01-4436-A6D5-004BC374369E}.Ad-Hoc|x64.ActiveCfg = Release|Any CPU
		{13FE0924-DF01-4436-A6D5-004BC374369E}.Ad-Hoc|x64.Build.0 = Release|Any CPU
		{13FE0924-DF01-4436-A6D5-004BC374369E}.Ad-Hoc|x64.Deploy.0 = Release|Any CPU
		{13FE0924-DF01-4436-A6D5-004BC374369E}.Ad-Hoc|x86.ActiveCfg = Release|Any CPU
		{13FE0924-DF01-4436-A6D5-004BC374369E}.Ad-Hoc|x86.Build.0 = Release|Any CPU
		{13FE0924-DF01-4436-A6D5-004BC374369E}.Ad-Hoc|x86.Deploy.0 = Release|Any CPU
		{13FE0924-DF01-4436-A6D5-004BC374369E}.AppStore|Any CPU.ActiveCfg = Release|Any CPU
		{13FE0924-DF01-4436-A6D5-004BC374369E}.AppStore|Any CPU.Build.0 = Release|Any CPU
		{13FE0924-DF01-4436-A6D5-004BC374369E}.AppStore|Any CPU.Deploy.0 = Release|Any CPU
		{13FE0924-DF01-4436-A6D5-004BC374369E}.AppStore|ARM.ActiveCfg = Release|Any CPU
		{13FE0924-DF01-4436-A6D5-004BC374369E}.AppStore|ARM.Build.0 = Release|Any CPU
		{13FE0924-DF01-4436-A6D5-004BC374369E}.AppStore|ARM.Deploy.0 = Release|Any CPU
		{13FE0924-DF01-4436-A6D5-004BC374369E}.AppStore|iPhone.ActiveCfg = Release|Any CPU
		{13FE0924-DF01-4436-A6D5-004BC374369E}.AppStore|iPhone.Build.0 = Release|Any CPU
		{13FE0924-DF01-4436-A6D5-004BC374369E}.AppStore|iPhone.Deploy.0 = Release|Any CPU
		{13FE0924-DF01-4436-A6D5-004BC374369E}.AppStore|iPhoneSimulator.ActiveCfg = Release|Any CPU
		{13FE0924-DF01-4436-A6D5-004BC374369E}.AppStore|iPhoneSimulator.Build.0 = Release|Any CPU
		{13FE0924-DF01-4436-A6D5-004BC374369E}.AppStore|iPhoneSimulator.Deploy.0 = Release|Any CPU
		{13FE0924-DF01-4436-A6D5-004BC374369E}.AppStore|x64.ActiveCfg = Release|Any CPU
		{13FE0924-DF01-4436-A6D5-004BC374369E}.AppStore|x64.Build.0 = Release|Any CPU
		{13FE0924-DF01-4436-A6D5-004BC374369E}.AppStore|x64.Deploy.0 = Release|Any CPU
		{13FE0924-DF01-4436-A6D5-004BC374369E}.AppStore|x86.ActiveCfg = Release|Any CPU
		{13FE0924-DF01-4436-A6D5-004BC374369E}.AppStore|x86.Build.0 = Release|Any CPU
		{13FE0924-DF01-4436-A6D5-004BC374369E}.AppStore|x86.Deploy.0 = Release|Any CPU
		{13FE0924-DF01-4436-A6D5-004BC374369E}.Debug|Any CPU.ActiveCfg = Debug|Any CPU
		{13FE0924-DF01-4436-A6D5-004BC374369E}.Debug|Any CPU.Build.0 = Debug|Any CPU
		{13FE0924-DF01-4436-A6D5-004BC374369E}.Debug|Any CPU.Deploy.0 = Debug|Any CPU
		{13FE0924-DF01-4436-A6D5-004BC374369E}.Debug|ARM.ActiveCfg = Debug|Any CPU
		{13FE0924-DF01-4436-A6D5-004BC374369E}.Debug|ARM.Build.0 = Debug|Any CPU
		{13FE0924-DF01-4436-A6D5-004BC374369E}.Debug|ARM.Deploy.0 = Debug|Any CPU
		{13FE0924-DF01-4436-A6D5-004BC374369E}.Debug|iPhone.ActiveCfg = Debug|Any CPU
		{13FE0924-DF01-4436-A6D5-004BC374369E}.Debug|iPhone.Build.0 = Debug|Any CPU
		{13FE0924-DF01-4436-A6D5-004BC374369E}.Debug|iPhone.Deploy.0 = Debug|Any CPU
		{13FE0924-DF01-4436-A6D5-004BC374369E}.Debug|iPhoneSimulator.ActiveCfg = Debug|Any CPU
		{13FE0924-DF01-4436-A6D5-004BC374369E}.Debug|iPhoneSimulator.Build.0 = Debug|Any CPU
		{13FE0924-DF01-4436-A6D5-004BC374369E}.Debug|iPhoneSimulator.Deploy.0 = Debug|Any CPU
		{13FE0924-DF01-4436-A6D5-004BC374369E}.Debug|x64.ActiveCfg = Debug|Any CPU
		{13FE0924-DF01-4436-A6D5-004BC374369E}.Debug|x64.Build.0 = Debug|Any CPU
		{13FE0924-DF01-4436-A6D5-004BC374369E}.Debug|x64.Deploy.0 = Debug|Any CPU
		{13FE0924-DF01-4436-A6D5-004BC374369E}.Debug|x86.ActiveCfg = Debug|Any CPU
		{13FE0924-DF01-4436-A6D5-004BC374369E}.Debug|x86.Build.0 = Debug|Any CPU
		{13FE0924-DF01-4436-A6D5-004BC374369E}.Debug|x86.Deploy.0 = Debug|Any CPU
		{13FE0924-DF01-4436-A6D5-004BC374369E}.Release|Any CPU.ActiveCfg = Release|Any CPU
		{13FE0924-DF01-4436-A6D5-004BC374369E}.Release|Any CPU.Build.0 = Release|Any CPU
		{13FE0924-DF01-4436-A6D5-004BC374369E}.Release|Any CPU.Deploy.0 = Release|Any CPU
		{13FE0924-DF01-4436-A6D5-004BC374369E}.Release|ARM.ActiveCfg = Release|Any CPU
		{13FE0924-DF01-4436-A6D5-004BC374369E}.Release|ARM.Build.0 = Release|Any CPU
		{13FE0924-DF01-4436-A6D5-004BC374369E}.Release|ARM.Deploy.0 = Release|Any CPU
		{13FE0924-DF01-4436-A6D5-004BC374369E}.Release|iPhone.ActiveCfg = Release|Any CPU
		{13FE0924-DF01-4436-A6D5-004BC374369E}.Release|iPhone.Build.0 = Release|Any CPU
		{13FE0924-DF01-4436-A6D5-004BC374369E}.Release|iPhone.Deploy.0 = Release|Any CPU
		{13FE0924-DF01-4436-A6D5-004BC374369E}.Release|iPhoneSimulator.ActiveCfg = Release|Any CPU
		{13FE0924-DF01-4436-A6D5-004BC374369E}.Release|iPhoneSimulator.Build.0 = Release|Any CPU
		{13FE0924-DF01-4436-A6D5-004BC374369E}.Release|iPhoneSimulator.Deploy.0 = Release|Any CPU
		{13FE0924-DF01-4436-A6D5-004BC374369E}.Release|x64.ActiveCfg = Release|Any CPU
		{13FE0924-DF01-4436-A6D5-004BC374369E}.Release|x64.Build.0 = Release|Any CPU
		{13FE0924-DF01-4436-A6D5-004BC374369E}.Release|x64.Deploy.0 = Release|Any CPU
		{13FE0924-DF01-4436-A6D5-004BC374369E}.Release|x86.ActiveCfg = Release|Any CPU
		{13FE0924-DF01-4436-A6D5-004BC374369E}.Release|x86.Build.0 = Release|Any CPU
		{13FE0924-DF01-4436-A6D5-004BC374369E}.Release|x86.Deploy.0 = Release|Any CPU
		{D205BF13-F2FA-45F8-80CE-EFB9AB3AE9BB}.Ad-Hoc|Any CPU.ActiveCfg = Release|Any CPU
		{D205BF13-F2FA-45F8-80CE-EFB9AB3AE9BB}.Ad-Hoc|Any CPU.Build.0 = Release|Any CPU
		{D205BF13-F2FA-45F8-80CE-EFB9AB3AE9BB}.Ad-Hoc|ARM.ActiveCfg = Release|Any CPU
		{D205BF13-F2FA-45F8-80CE-EFB9AB3AE9BB}.Ad-Hoc|ARM.Build.0 = Release|Any CPU
		{D205BF13-F2FA-45F8-80CE-EFB9AB3AE9BB}.Ad-Hoc|iPhone.ActiveCfg = Release|Any CPU
		{D205BF13-F2FA-45F8-80CE-EFB9AB3AE9BB}.Ad-Hoc|iPhone.Build.0 = Release|Any CPU
		{D205BF13-F2FA-45F8-80CE-EFB9AB3AE9BB}.Ad-Hoc|iPhoneSimulator.ActiveCfg = Release|Any CPU
		{D205BF13-F2FA-45F8-80CE-EFB9AB3AE9BB}.Ad-Hoc|iPhoneSimulator.Build.0 = Release|Any CPU
		{D205BF13-F2FA-45F8-80CE-EFB9AB3AE9BB}.Ad-Hoc|x64.ActiveCfg = Release|Any CPU
		{D205BF13-F2FA-45F8-80CE-EFB9AB3AE9BB}.Ad-Hoc|x64.Build.0 = Release|Any CPU
		{D205BF13-F2FA-45F8-80CE-EFB9AB3AE9BB}.Ad-Hoc|x86.ActiveCfg = Release|Any CPU
		{D205BF13-F2FA-45F8-80CE-EFB9AB3AE9BB}.Ad-Hoc|x86.Build.0 = Release|Any CPU
		{D205BF13-F2FA-45F8-80CE-EFB9AB3AE9BB}.AppStore|Any CPU.ActiveCfg = Release|Any CPU
		{D205BF13-F2FA-45F8-80CE-EFB9AB3AE9BB}.AppStore|Any CPU.Build.0 = Release|Any CPU
		{D205BF13-F2FA-45F8-80CE-EFB9AB3AE9BB}.AppStore|ARM.ActiveCfg = Release|Any CPU
		{D205BF13-F2FA-45F8-80CE-EFB9AB3AE9BB}.AppStore|ARM.Build.0 = Release|Any CPU
		{D205BF13-F2FA-45F8-80CE-EFB9AB3AE9BB}.AppStore|iPhone.ActiveCfg = Release|Any CPU
		{D205BF13-F2FA-45F8-80CE-EFB9AB3AE9BB}.AppStore|iPhone.Build.0 = Release|Any CPU
		{D205BF13-F2FA-45F8-80CE-EFB9AB3AE9BB}.AppStore|iPhoneSimulator.ActiveCfg = Release|Any CPU
		{D205BF13-F2FA-45F8-80CE-EFB9AB3AE9BB}.AppStore|iPhoneSimulator.Build.0 = Release|Any CPU
		{D205BF13-F2FA-45F8-80CE-EFB9AB3AE9BB}.AppStore|x64.ActiveCfg = Release|Any CPU
		{D205BF13-F2FA-45F8-80CE-EFB9AB3AE9BB}.AppStore|x64.Build.0 = Release|Any CPU
		{D205BF13-F2FA-45F8-80CE-EFB9AB3AE9BB}.AppStore|x86.ActiveCfg = Release|Any CPU
		{D205BF13-F2FA-45F8-80CE-EFB9AB3AE9BB}.AppStore|x86.Build.0 = Release|Any CPU
		{D205BF13-F2FA-45F8-80CE-EFB9AB3AE9BB}.Debug|Any CPU.ActiveCfg = Debug|Any CPU
		{D205BF13-F2FA-45F8-80CE-EFB9AB3AE9BB}.Debug|Any CPU.Build.0 = Debug|Any CPU
		{D205BF13-F2FA-45F8-80CE-EFB9AB3AE9BB}.Debug|ARM.ActiveCfg = Debug|Any CPU
		{D205BF13-F2FA-45F8-80CE-EFB9AB3AE9BB}.Debug|ARM.Build.0 = Debug|Any CPU
		{D205BF13-F2FA-45F8-80CE-EFB9AB3AE9BB}.Debug|iPhone.ActiveCfg = Debug|Any CPU
		{D205BF13-F2FA-45F8-80CE-EFB9AB3AE9BB}.Debug|iPhone.Build.0 = Debug|Any CPU
		{D205BF13-F2FA-45F8-80CE-EFB9AB3AE9BB}.Debug|iPhoneSimulator.ActiveCfg = Debug|Any CPU
		{D205BF13-F2FA-45F8-80CE-EFB9AB3AE9BB}.Debug|iPhoneSimulator.Build.0 = Debug|Any CPU
		{D205BF13-F2FA-45F8-80CE-EFB9AB3AE9BB}.Debug|x64.ActiveCfg = Debug|Any CPU
		{D205BF13-F2FA-45F8-80CE-EFB9AB3AE9BB}.Debug|x64.Build.0 = Debug|Any CPU
		{D205BF13-F2FA-45F8-80CE-EFB9AB3AE9BB}.Debug|x86.ActiveCfg = Debug|Any CPU
		{D205BF13-F2FA-45F8-80CE-EFB9AB3AE9BB}.Debug|x86.Build.0 = Debug|Any CPU
		{D205BF13-F2FA-45F8-80CE-EFB9AB3AE9BB}.Release|Any CPU.ActiveCfg = Release|Any CPU
		{D205BF13-F2FA-45F8-80CE-EFB9AB3AE9BB}.Release|Any CPU.Build.0 = Release|Any CPU
		{D205BF13-F2FA-45F8-80CE-EFB9AB3AE9BB}.Release|ARM.ActiveCfg = Release|Any CPU
		{D205BF13-F2FA-45F8-80CE-EFB9AB3AE9BB}.Release|ARM.Build.0 = Release|Any CPU
		{D205BF13-F2FA-45F8-80CE-EFB9AB3AE9BB}.Release|iPhone.ActiveCfg = Release|Any CPU
		{D205BF13-F2FA-45F8-80CE-EFB9AB3AE9BB}.Release|iPhone.Build.0 = Release|Any CPU
		{D205BF13-F2FA-45F8-80CE-EFB9AB3AE9BB}.Release|iPhoneSimulator.ActiveCfg = Release|Any CPU
		{D205BF13-F2FA-45F8-80CE-EFB9AB3AE9BB}.Release|iPhoneSimulator.Build.0 = Release|Any CPU
		{D205BF13-F2FA-45F8-80CE-EFB9AB3AE9BB}.Release|x64.ActiveCfg = Release|Any CPU
		{D205BF13-F2FA-45F8-80CE-EFB9AB3AE9BB}.Release|x64.Build.0 = Release|Any CPU
		{D205BF13-F2FA-45F8-80CE-EFB9AB3AE9BB}.Release|x86.ActiveCfg = Release|Any CPU
		{D205BF13-F2FA-45F8-80CE-EFB9AB3AE9BB}.Release|x86.Build.0 = Release|Any CPU
		{0B38E03A-C308-4599-9491-2770B3059B6C}.Ad-Hoc|Any CPU.ActiveCfg = Ad-Hoc|iPhone
		{0B38E03A-C308-4599-9491-2770B3059B6C}.Ad-Hoc|ARM.ActiveCfg = Ad-Hoc|iPhone
		{0B38E03A-C308-4599-9491-2770B3059B6C}.Ad-Hoc|iPhone.ActiveCfg = Ad-Hoc|iPhone
		{0B38E03A-C308-4599-9491-2770B3059B6C}.Ad-Hoc|iPhone.Build.0 = Ad-Hoc|iPhone
		{0B38E03A-C308-4599-9491-2770B3059B6C}.Ad-Hoc|iPhoneSimulator.ActiveCfg = Ad-Hoc|iPhoneSimulator
		{0B38E03A-C308-4599-9491-2770B3059B6C}.Ad-Hoc|iPhoneSimulator.Build.0 = Ad-Hoc|iPhoneSimulator
		{0B38E03A-C308-4599-9491-2770B3059B6C}.Ad-Hoc|x64.ActiveCfg = Ad-Hoc|iPhone
		{0B38E03A-C308-4599-9491-2770B3059B6C}.Ad-Hoc|x86.ActiveCfg = Ad-Hoc|iPhone
		{0B38E03A-C308-4599-9491-2770B3059B6C}.AppStore|Any CPU.ActiveCfg = AppStore|iPhone
		{0B38E03A-C308-4599-9491-2770B3059B6C}.AppStore|ARM.ActiveCfg = AppStore|iPhone
		{0B38E03A-C308-4599-9491-2770B3059B6C}.AppStore|iPhone.ActiveCfg = AppStore|iPhone
		{0B38E03A-C308-4599-9491-2770B3059B6C}.AppStore|iPhone.Build.0 = AppStore|iPhone
		{0B38E03A-C308-4599-9491-2770B3059B6C}.AppStore|iPhoneSimulator.ActiveCfg = AppStore|iPhoneSimulator
		{0B38E03A-C308-4599-9491-2770B3059B6C}.AppStore|iPhoneSimulator.Build.0 = AppStore|iPhoneSimulator
		{0B38E03A-C308-4599-9491-2770B3059B6C}.AppStore|x64.ActiveCfg = AppStore|iPhone
		{0B38E03A-C308-4599-9491-2770B3059B6C}.AppStore|x86.ActiveCfg = AppStore|iPhone
		{0B38E03A-C308-4599-9491-2770B3059B6C}.Debug|Any CPU.ActiveCfg = Debug|iPhone
		{0B38E03A-C308-4599-9491-2770B3059B6C}.Debug|ARM.ActiveCfg = Debug|iPhone
		{0B38E03A-C308-4599-9491-2770B3059B6C}.Debug|iPhone.ActiveCfg = Debug|iPhone
		{0B38E03A-C308-4599-9491-2770B3059B6C}.Debug|iPhone.Build.0 = Debug|iPhone
		{0B38E03A-C308-4599-9491-2770B3059B6C}.Debug|iPhoneSimulator.ActiveCfg = Debug|iPhoneSimulator
		{0B38E03A-C308-4599-9491-2770B3059B6C}.Debug|iPhoneSimulator.Build.0 = Debug|iPhoneSimulator
		{0B38E03A-C308-4599-9491-2770B3059B6C}.Debug|x64.ActiveCfg = Debug|iPhone
		{0B38E03A-C308-4599-9491-2770B3059B6C}.Debug|x86.ActiveCfg = Debug|iPhone
		{0B38E03A-C308-4599-9491-2770B3059B6C}.Release|Any CPU.ActiveCfg = Release|iPhone
		{0B38E03A-C308-4599-9491-2770B3059B6C}.Release|ARM.ActiveCfg = Release|iPhone
		{0B38E03A-C308-4599-9491-2770B3059B6C}.Release|iPhone.ActiveCfg = Release|iPhone
		{0B38E03A-C308-4599-9491-2770B3059B6C}.Release|iPhone.Build.0 = Release|iPhone
		{0B38E03A-C308-4599-9491-2770B3059B6C}.Release|iPhoneSimulator.ActiveCfg = Release|iPhoneSimulator
		{0B38E03A-C308-4599-9491-2770B3059B6C}.Release|iPhoneSimulator.Build.0 = Release|iPhoneSimulator
		{0B38E03A-C308-4599-9491-2770B3059B6C}.Release|x64.ActiveCfg = Release|iPhone
		{0B38E03A-C308-4599-9491-2770B3059B6C}.Release|x86.ActiveCfg = Release|iPhone
		{D4858370-2E02-4B44-B716-F38FE3EB2D97}.Ad-Hoc|Any CPU.ActiveCfg = AppStore|Any CPU
		{D4858370-2E02-4B44-B716-F38FE3EB2D97}.Ad-Hoc|Any CPU.Build.0 = AppStore|Any CPU
		{D4858370-2E02-4B44-B716-F38FE3EB2D97}.Ad-Hoc|ARM.ActiveCfg = AppStore|Any CPU
		{D4858370-2E02-4B44-B716-F38FE3EB2D97}.Ad-Hoc|ARM.Build.0 = AppStore|Any CPU
		{D4858370-2E02-4B44-B716-F38FE3EB2D97}.Ad-Hoc|iPhone.ActiveCfg = AppStore|Any CPU
		{D4858370-2E02-4B44-B716-F38FE3EB2D97}.Ad-Hoc|iPhone.Build.0 = AppStore|Any CPU
		{D4858370-2E02-4B44-B716-F38FE3EB2D97}.Ad-Hoc|iPhoneSimulator.ActiveCfg = AppStore|Any CPU
		{D4858370-2E02-4B44-B716-F38FE3EB2D97}.Ad-Hoc|iPhoneSimulator.Build.0 = AppStore|Any CPU
		{D4858370-2E02-4B44-B716-F38FE3EB2D97}.Ad-Hoc|x64.ActiveCfg = AppStore|Any CPU
		{D4858370-2E02-4B44-B716-F38FE3EB2D97}.Ad-Hoc|x64.Build.0 = AppStore|Any CPU
		{D4858370-2E02-4B44-B716-F38FE3EB2D97}.Ad-Hoc|x86.ActiveCfg = AppStore|Any CPU
		{D4858370-2E02-4B44-B716-F38FE3EB2D97}.Ad-Hoc|x86.Build.0 = AppStore|Any CPU
		{D4858370-2E02-4B44-B716-F38FE3EB2D97}.AppStore|Any CPU.ActiveCfg = AppStore|Any CPU
		{D4858370-2E02-4B44-B716-F38FE3EB2D97}.AppStore|Any CPU.Build.0 = AppStore|Any CPU
		{D4858370-2E02-4B44-B716-F38FE3EB2D97}.AppStore|ARM.ActiveCfg = AppStore|Any CPU
		{D4858370-2E02-4B44-B716-F38FE3EB2D97}.AppStore|ARM.Build.0 = AppStore|Any CPU
		{D4858370-2E02-4B44-B716-F38FE3EB2D97}.AppStore|iPhone.ActiveCfg = AppStore|Any CPU
		{D4858370-2E02-4B44-B716-F38FE3EB2D97}.AppStore|iPhone.Build.0 = AppStore|Any CPU
		{D4858370-2E02-4B44-B716-F38FE3EB2D97}.AppStore|iPhoneSimulator.ActiveCfg = AppStore|Any CPU
		{D4858370-2E02-4B44-B716-F38FE3EB2D97}.AppStore|iPhoneSimulator.Build.0 = AppStore|Any CPU
		{D4858370-2E02-4B44-B716-F38FE3EB2D97}.AppStore|x64.ActiveCfg = AppStore|Any CPU
		{D4858370-2E02-4B44-B716-F38FE3EB2D97}.AppStore|x64.Build.0 = AppStore|Any CPU
		{D4858370-2E02-4B44-B716-F38FE3EB2D97}.AppStore|x86.ActiveCfg = AppStore|Any CPU
		{D4858370-2E02-4B44-B716-F38FE3EB2D97}.AppStore|x86.Build.0 = AppStore|Any CPU
		{D4858370-2E02-4B44-B716-F38FE3EB2D97}.Debug|Any CPU.ActiveCfg = Debug|Any CPU
		{D4858370-2E02-4B44-B716-F38FE3EB2D97}.Debug|Any CPU.Build.0 = Debug|Any CPU
		{D4858370-2E02-4B44-B716-F38FE3EB2D97}.Debug|ARM.ActiveCfg = Debug|Any CPU
		{D4858370-2E02-4B44-B716-F38FE3EB2D97}.Debug|ARM.Build.0 = Debug|Any CPU
		{D4858370-2E02-4B44-B716-F38FE3EB2D97}.Debug|iPhone.ActiveCfg = Debug|Any CPU
		{D4858370-2E02-4B44-B716-F38FE3EB2D97}.Debug|iPhone.Build.0 = Debug|Any CPU
		{D4858370-2E02-4B44-B716-F38FE3EB2D97}.Debug|iPhoneSimulator.ActiveCfg = Debug|Any CPU
		{D4858370-2E02-4B44-B716-F38FE3EB2D97}.Debug|iPhoneSimulator.Build.0 = Debug|Any CPU
		{D4858370-2E02-4B44-B716-F38FE3EB2D97}.Debug|x64.ActiveCfg = Debug|Any CPU
		{D4858370-2E02-4B44-B716-F38FE3EB2D97}.Debug|x64.Build.0 = Debug|Any CPU
		{D4858370-2E02-4B44-B716-F38FE3EB2D97}.Debug|x86.ActiveCfg = Debug|Any CPU
		{D4858370-2E02-4B44-B716-F38FE3EB2D97}.Debug|x86.Build.0 = Debug|Any CPU
		{D4858370-2E02-4B44-B716-F38FE3EB2D97}.Release|Any CPU.ActiveCfg = Release|Any CPU
		{D4858370-2E02-4B44-B716-F38FE3EB2D97}.Release|Any CPU.Build.0 = Release|Any CPU
		{D4858370-2E02-4B44-B716-F38FE3EB2D97}.Release|ARM.ActiveCfg = Release|Any CPU
		{D4858370-2E02-4B44-B716-F38FE3EB2D97}.Release|ARM.Build.0 = Release|Any CPU
		{D4858370-2E02-4B44-B716-F38FE3EB2D97}.Release|iPhone.ActiveCfg = Release|Any CPU
		{D4858370-2E02-4B44-B716-F38FE3EB2D97}.Release|iPhone.Build.0 = Release|Any CPU
		{D4858370-2E02-4B44-B716-F38FE3EB2D97}.Release|iPhoneSimulator.ActiveCfg = Release|Any CPU
		{D4858370-2E02-4B44-B716-F38FE3EB2D97}.Release|iPhoneSimulator.Build.0 = Release|Any CPU
		{D4858370-2E02-4B44-B716-F38FE3EB2D97}.Release|x64.ActiveCfg = Release|Any CPU
		{D4858370-2E02-4B44-B716-F38FE3EB2D97}.Release|x64.Build.0 = Release|Any CPU
		{D4858370-2E02-4B44-B716-F38FE3EB2D97}.Release|x86.ActiveCfg = Release|Any CPU
		{D4858370-2E02-4B44-B716-F38FE3EB2D97}.Release|x86.Build.0 = Release|Any CPU
		{71780FC7-9469-438A-A363-E975E1629707}.Ad-Hoc|Any CPU.ActiveCfg = Release|Any CPU
		{71780FC7-9469-438A-A363-E975E1629707}.Ad-Hoc|Any CPU.Build.0 = Release|Any CPU
		{71780FC7-9469-438A-A363-E975E1629707}.Ad-Hoc|ARM.ActiveCfg = Release|ARM
		{71780FC7-9469-438A-A363-E975E1629707}.Ad-Hoc|ARM.Build.0 = Release|ARM
		{71780FC7-9469-438A-A363-E975E1629707}.Ad-Hoc|iPhone.ActiveCfg = Release|Any CPU
		{71780FC7-9469-438A-A363-E975E1629707}.Ad-Hoc|iPhone.Build.0 = Release|Any CPU
		{71780FC7-9469-438A-A363-E975E1629707}.Ad-Hoc|iPhoneSimulator.ActiveCfg = Release|Any CPU
		{71780FC7-9469-438A-A363-E975E1629707}.Ad-Hoc|iPhoneSimulator.Build.0 = Release|Any CPU
		{71780FC7-9469-438A-A363-E975E1629707}.Ad-Hoc|x64.ActiveCfg = Release|Any CPU
		{71780FC7-9469-438A-A363-E975E1629707}.Ad-Hoc|x64.Build.0 = Release|Any CPU
		{71780FC7-9469-438A-A363-E975E1629707}.Ad-Hoc|x86.ActiveCfg = Release|x86
		{71780FC7-9469-438A-A363-E975E1629707}.Ad-Hoc|x86.Build.0 = Release|x86
		{71780FC7-9469-438A-A363-E975E1629707}.AppStore|Any CPU.ActiveCfg = Release|Any CPU
		{71780FC7-9469-438A-A363-E975E1629707}.AppStore|Any CPU.Build.0 = Release|Any CPU
		{71780FC7-9469-438A-A363-E975E1629707}.AppStore|ARM.ActiveCfg = Release|ARM
		{71780FC7-9469-438A-A363-E975E1629707}.AppStore|ARM.Build.0 = Release|ARM
		{71780FC7-9469-438A-A363-E975E1629707}.AppStore|iPhone.ActiveCfg = Release|Any CPU
		{71780FC7-9469-438A-A363-E975E1629707}.AppStore|iPhone.Build.0 = Release|Any CPU
		{71780FC7-9469-438A-A363-E975E1629707}.AppStore|iPhoneSimulator.ActiveCfg = Release|Any CPU
		{71780FC7-9469-438A-A363-E975E1629707}.AppStore|iPhoneSimulator.Build.0 = Release|Any CPU
		{71780FC7-9469-438A-A363-E975E1629707}.AppStore|x64.ActiveCfg = Release|Any CPU
		{71780FC7-9469-438A-A363-E975E1629707}.AppStore|x64.Build.0 = Release|Any CPU
		{71780FC7-9469-438A-A363-E975E1629707}.AppStore|x86.ActiveCfg = Release|x86
		{71780FC7-9469-438A-A363-E975E1629707}.AppStore|x86.Build.0 = Release|x86
		{71780FC7-9469-438A-A363-E975E1629707}.Debug|Any CPU.ActiveCfg = Debug|Any CPU
		{71780FC7-9469-438A-A363-E975E1629707}.Debug|Any CPU.Build.0 = Debug|Any CPU
		{71780FC7-9469-438A-A363-E975E1629707}.Debug|ARM.ActiveCfg = Debug|ARM
		{71780FC7-9469-438A-A363-E975E1629707}.Debug|ARM.Build.0 = Debug|ARM
		{71780FC7-9469-438A-A363-E975E1629707}.Debug|iPhone.ActiveCfg = Debug|Any CPU
		{71780FC7-9469-438A-A363-E975E1629707}.Debug|iPhone.Build.0 = Debug|Any CPU
		{71780FC7-9469-438A-A363-E975E1629707}.Debug|iPhoneSimulator.ActiveCfg = Debug|Any CPU
		{71780FC7-9469-438A-A363-E975E1629707}.Debug|iPhoneSimulator.Build.0 = Debug|Any CPU
		{71780FC7-9469-438A-A363-E975E1629707}.Debug|x64.ActiveCfg = Debug|Any CPU
		{71780FC7-9469-438A-A363-E975E1629707}.Debug|x64.Build.0 = Debug|Any CPU
		{71780FC7-9469-438A-A363-E975E1629707}.Debug|x86.ActiveCfg = Debug|x86
		{71780FC7-9469-438A-A363-E975E1629707}.Debug|x86.Build.0 = Debug|x86
		{71780FC7-9469-438A-A363-E975E1629707}.Release|Any CPU.ActiveCfg = Release|Any CPU
		{71780FC7-9469-438A-A363-E975E1629707}.Release|Any CPU.Build.0 = Release|Any CPU
		{71780FC7-9469-438A-A363-E975E1629707}.Release|ARM.ActiveCfg = Release|ARM
		{71780FC7-9469-438A-A363-E975E1629707}.Release|ARM.Build.0 = Release|ARM
		{71780FC7-9469-438A-A363-E975E1629707}.Release|iPhone.ActiveCfg = Release|Any CPU
		{71780FC7-9469-438A-A363-E975E1629707}.Release|iPhone.Build.0 = Release|Any CPU
		{71780FC7-9469-438A-A363-E975E1629707}.Release|iPhoneSimulator.ActiveCfg = Release|Any CPU
		{71780FC7-9469-438A-A363-E975E1629707}.Release|iPhoneSimulator.Build.0 = Release|Any CPU
		{71780FC7-9469-438A-A363-E975E1629707}.Release|x64.ActiveCfg = Release|Any CPU
		{71780FC7-9469-438A-A363-E975E1629707}.Release|x64.Build.0 = Release|Any CPU
		{71780FC7-9469-438A-A363-E975E1629707}.Release|x86.ActiveCfg = Release|x86
		{71780FC7-9469-438A-A363-E975E1629707}.Release|x86.Build.0 = Release|x86
		{AC1DF8F5-48B4-44F9-A6E3-0F71D061321C}.Ad-Hoc|Any CPU.ActiveCfg = Release|Any CPU
		{AC1DF8F5-48B4-44F9-A6E3-0F71D061321C}.Ad-Hoc|Any CPU.Build.0 = Release|Any CPU
		{AC1DF8F5-48B4-44F9-A6E3-0F71D061321C}.Ad-Hoc|Any CPU.Deploy.0 = Release|Any CPU
		{AC1DF8F5-48B4-44F9-A6E3-0F71D061321C}.Ad-Hoc|ARM.ActiveCfg = Release|ARM
		{AC1DF8F5-48B4-44F9-A6E3-0F71D061321C}.Ad-Hoc|ARM.Build.0 = Release|ARM
		{AC1DF8F5-48B4-44F9-A6E3-0F71D061321C}.Ad-Hoc|ARM.Deploy.0 = Release|ARM
		{AC1DF8F5-48B4-44F9-A6E3-0F71D061321C}.Ad-Hoc|iPhone.ActiveCfg = Release|Any CPU
		{AC1DF8F5-48B4-44F9-A6E3-0F71D061321C}.Ad-Hoc|iPhone.Build.0 = Release|Any CPU
		{AC1DF8F5-48B4-44F9-A6E3-0F71D061321C}.Ad-Hoc|iPhone.Deploy.0 = Release|Any CPU
		{AC1DF8F5-48B4-44F9-A6E3-0F71D061321C}.Ad-Hoc|iPhoneSimulator.ActiveCfg = Release|Any CPU
		{AC1DF8F5-48B4-44F9-A6E3-0F71D061321C}.Ad-Hoc|iPhoneSimulator.Build.0 = Release|Any CPU
		{AC1DF8F5-48B4-44F9-A6E3-0F71D061321C}.Ad-Hoc|iPhoneSimulator.Deploy.0 = Release|Any CPU
		{AC1DF8F5-48B4-44F9-A6E3-0F71D061321C}.Ad-Hoc|x64.ActiveCfg = Release|Any CPU
		{AC1DF8F5-48B4-44F9-A6E3-0F71D061321C}.Ad-Hoc|x64.Build.0 = Release|Any CPU
		{AC1DF8F5-48B4-44F9-A6E3-0F71D061321C}.Ad-Hoc|x64.Deploy.0 = Release|Any CPU
		{AC1DF8F5-48B4-44F9-A6E3-0F71D061321C}.Ad-Hoc|x86.ActiveCfg = Release|x86
		{AC1DF8F5-48B4-44F9-A6E3-0F71D061321C}.Ad-Hoc|x86.Build.0 = Release|x86
		{AC1DF8F5-48B4-44F9-A6E3-0F71D061321C}.Ad-Hoc|x86.Deploy.0 = Release|x86
		{AC1DF8F5-48B4-44F9-A6E3-0F71D061321C}.AppStore|Any CPU.ActiveCfg = Release|Any CPU
		{AC1DF8F5-48B4-44F9-A6E3-0F71D061321C}.AppStore|Any CPU.Build.0 = Release|Any CPU
		{AC1DF8F5-48B4-44F9-A6E3-0F71D061321C}.AppStore|Any CPU.Deploy.0 = Release|Any CPU
		{AC1DF8F5-48B4-44F9-A6E3-0F71D061321C}.AppStore|ARM.ActiveCfg = Release|ARM
		{AC1DF8F5-48B4-44F9-A6E3-0F71D061321C}.AppStore|ARM.Build.0 = Release|ARM
		{AC1DF8F5-48B4-44F9-A6E3-0F71D061321C}.AppStore|ARM.Deploy.0 = Release|ARM
		{AC1DF8F5-48B4-44F9-A6E3-0F71D061321C}.AppStore|iPhone.ActiveCfg = Release|Any CPU
		{AC1DF8F5-48B4-44F9-A6E3-0F71D061321C}.AppStore|iPhone.Build.0 = Release|Any CPU
		{AC1DF8F5-48B4-44F9-A6E3-0F71D061321C}.AppStore|iPhone.Deploy.0 = Release|Any CPU
		{AC1DF8F5-48B4-44F9-A6E3-0F71D061321C}.AppStore|iPhoneSimulator.ActiveCfg = Release|Any CPU
		{AC1DF8F5-48B4-44F9-A6E3-0F71D061321C}.AppStore|iPhoneSimulator.Build.0 = Release|Any CPU
		{AC1DF8F5-48B4-44F9-A6E3-0F71D061321C}.AppStore|iPhoneSimulator.Deploy.0 = Release|Any CPU
		{AC1DF8F5-48B4-44F9-A6E3-0F71D061321C}.AppStore|x64.ActiveCfg = Release|Any CPU
		{AC1DF8F5-48B4-44F9-A6E3-0F71D061321C}.AppStore|x64.Build.0 = Release|Any CPU
		{AC1DF8F5-48B4-44F9-A6E3-0F71D061321C}.AppStore|x64.Deploy.0 = Release|Any CPU
		{AC1DF8F5-48B4-44F9-A6E3-0F71D061321C}.AppStore|x86.ActiveCfg = Release|x86
		{AC1DF8F5-48B4-44F9-A6E3-0F71D061321C}.AppStore|x86.Build.0 = Release|x86
		{AC1DF8F5-48B4-44F9-A6E3-0F71D061321C}.AppStore|x86.Deploy.0 = Release|x86
		{AC1DF8F5-48B4-44F9-A6E3-0F71D061321C}.Debug|Any CPU.ActiveCfg = Debug|Any CPU
		{AC1DF8F5-48B4-44F9-A6E3-0F71D061321C}.Debug|Any CPU.Build.0 = Debug|Any CPU
		{AC1DF8F5-48B4-44F9-A6E3-0F71D061321C}.Debug|Any CPU.Deploy.0 = Debug|Any CPU
		{AC1DF8F5-48B4-44F9-A6E3-0F71D061321C}.Debug|ARM.ActiveCfg = Debug|ARM
		{AC1DF8F5-48B4-44F9-A6E3-0F71D061321C}.Debug|ARM.Build.0 = Debug|ARM
		{AC1DF8F5-48B4-44F9-A6E3-0F71D061321C}.Debug|ARM.Deploy.0 = Debug|ARM
		{AC1DF8F5-48B4-44F9-A6E3-0F71D061321C}.Debug|iPhone.ActiveCfg = Debug|Any CPU
		{AC1DF8F5-48B4-44F9-A6E3-0F71D061321C}.Debug|iPhone.Build.0 = Debug|Any CPU
		{AC1DF8F5-48B4-44F9-A6E3-0F71D061321C}.Debug|iPhone.Deploy.0 = Debug|Any CPU
		{AC1DF8F5-48B4-44F9-A6E3-0F71D061321C}.Debug|iPhoneSimulator.ActiveCfg = Debug|Any CPU
		{AC1DF8F5-48B4-44F9-A6E3-0F71D061321C}.Debug|iPhoneSimulator.Build.0 = Debug|Any CPU
		{AC1DF8F5-48B4-44F9-A6E3-0F71D061321C}.Debug|iPhoneSimulator.Deploy.0 = Debug|Any CPU
		{AC1DF8F5-48B4-44F9-A6E3-0F71D061321C}.Debug|x64.ActiveCfg = Debug|Any CPU
		{AC1DF8F5-48B4-44F9-A6E3-0F71D061321C}.Debug|x64.Build.0 = Debug|Any CPU
		{AC1DF8F5-48B4-44F9-A6E3-0F71D061321C}.Debug|x64.Deploy.0 = Debug|Any CPU
		{AC1DF8F5-48B4-44F9-A6E3-0F71D061321C}.Debug|x86.ActiveCfg = Debug|x86
		{AC1DF8F5-48B4-44F9-A6E3-0F71D061321C}.Debug|x86.Build.0 = Debug|x86
		{AC1DF8F5-48B4-44F9-A6E3-0F71D061321C}.Debug|x86.Deploy.0 = Debug|x86
		{AC1DF8F5-48B4-44F9-A6E3-0F71D061321C}.Release|Any CPU.ActiveCfg = Release|Any CPU
		{AC1DF8F5-48B4-44F9-A6E3-0F71D061321C}.Release|Any CPU.Build.0 = Release|Any CPU
		{AC1DF8F5-48B4-44F9-A6E3-0F71D061321C}.Release|Any CPU.Deploy.0 = Release|Any CPU
		{AC1DF8F5-48B4-44F9-A6E3-0F71D061321C}.Release|ARM.ActiveCfg = Release|ARM
		{AC1DF8F5-48B4-44F9-A6E3-0F71D061321C}.Release|ARM.Build.0 = Release|ARM
		{AC1DF8F5-48B4-44F9-A6E3-0F71D061321C}.Release|ARM.Deploy.0 = Release|ARM
		{AC1DF8F5-48B4-44F9-A6E3-0F71D061321C}.Release|iPhone.ActiveCfg = Release|Any CPU
		{AC1DF8F5-48B4-44F9-A6E3-0F71D061321C}.Release|iPhone.Build.0 = Release|Any CPU
		{AC1DF8F5-48B4-44F9-A6E3-0F71D061321C}.Release|iPhone.Deploy.0 = Release|Any CPU
		{AC1DF8F5-48B4-44F9-A6E3-0F71D061321C}.Release|iPhoneSimulator.ActiveCfg = Release|Any CPU
		{AC1DF8F5-48B4-44F9-A6E3-0F71D061321C}.Release|iPhoneSimulator.Build.0 = Release|Any CPU
		{AC1DF8F5-48B4-44F9-A6E3-0F71D061321C}.Release|iPhoneSimulator.Deploy.0 = Release|Any CPU
		{AC1DF8F5-48B4-44F9-A6E3-0F71D061321C}.Release|x64.ActiveCfg = Release|Any CPU
		{AC1DF8F5-48B4-44F9-A6E3-0F71D061321C}.Release|x64.Build.0 = Release|Any CPU
		{AC1DF8F5-48B4-44F9-A6E3-0F71D061321C}.Release|x64.Deploy.0 = Release|Any CPU
		{AC1DF8F5-48B4-44F9-A6E3-0F71D061321C}.Release|x86.ActiveCfg = Release|x86
		{AC1DF8F5-48B4-44F9-A6E3-0F71D061321C}.Release|x86.Build.0 = Release|x86
		{AC1DF8F5-48B4-44F9-A6E3-0F71D061321C}.Release|x86.Deploy.0 = Release|x86
		{22D63A0A-FC3B-4DBF-88B9-A078DAF82D33}.Ad-Hoc|Any CPU.ActiveCfg = Release|x86
		{22D63A0A-FC3B-4DBF-88B9-A078DAF82D33}.Ad-Hoc|Any CPU.Build.0 = Release|x86
		{22D63A0A-FC3B-4DBF-88B9-A078DAF82D33}.Ad-Hoc|ARM.ActiveCfg = Release|x86
		{22D63A0A-FC3B-4DBF-88B9-A078DAF82D33}.Ad-Hoc|ARM.Build.0 = Release|x86
		{22D63A0A-FC3B-4DBF-88B9-A078DAF82D33}.Ad-Hoc|iPhone.ActiveCfg = Release|x86
		{22D63A0A-FC3B-4DBF-88B9-A078DAF82D33}.Ad-Hoc|iPhone.Build.0 = Release|x86
		{22D63A0A-FC3B-4DBF-88B9-A078DAF82D33}.Ad-Hoc|iPhoneSimulator.ActiveCfg = Release|x86
		{22D63A0A-FC3B-4DBF-88B9-A078DAF82D33}.Ad-Hoc|iPhoneSimulator.Build.0 = Release|x86
		{22D63A0A-FC3B-4DBF-88B9-A078DAF82D33}.Ad-Hoc|x64.ActiveCfg = Release|x86
		{22D63A0A-FC3B-4DBF-88B9-A078DAF82D33}.Ad-Hoc|x64.Build.0 = Release|x86
		{22D63A0A-FC3B-4DBF-88B9-A078DAF82D33}.Ad-Hoc|x86.ActiveCfg = Release|x86
		{22D63A0A-FC3B-4DBF-88B9-A078DAF82D33}.Ad-Hoc|x86.Build.0 = Release|x86
		{22D63A0A-FC3B-4DBF-88B9-A078DAF82D33}.AppStore|Any CPU.ActiveCfg = Release|x86
		{22D63A0A-FC3B-4DBF-88B9-A078DAF82D33}.AppStore|Any CPU.Build.0 = Release|x86
		{22D63A0A-FC3B-4DBF-88B9-A078DAF82D33}.AppStore|ARM.ActiveCfg = Release|x86
		{22D63A0A-FC3B-4DBF-88B9-A078DAF82D33}.AppStore|ARM.Build.0 = Release|x86
		{22D63A0A-FC3B-4DBF-88B9-A078DAF82D33}.AppStore|iPhone.ActiveCfg = Release|x86
		{22D63A0A-FC3B-4DBF-88B9-A078DAF82D33}.AppStore|iPhone.Build.0 = Release|x86
		{22D63A0A-FC3B-4DBF-88B9-A078DAF82D33}.AppStore|iPhoneSimulator.ActiveCfg = Release|x86
		{22D63A0A-FC3B-4DBF-88B9-A078DAF82D33}.AppStore|iPhoneSimulator.Build.0 = Release|x86
		{22D63A0A-FC3B-4DBF-88B9-A078DAF82D33}.AppStore|x64.ActiveCfg = Release|x86
		{22D63A0A-FC3B-4DBF-88B9-A078DAF82D33}.AppStore|x64.Build.0 = Release|x86
		{22D63A0A-FC3B-4DBF-88B9-A078DAF82D33}.AppStore|x86.ActiveCfg = Release|x86
		{22D63A0A-FC3B-4DBF-88B9-A078DAF82D33}.AppStore|x86.Build.0 = Release|x86
		{22D63A0A-FC3B-4DBF-88B9-A078DAF82D33}.Debug|Any CPU.ActiveCfg = Debug|x86
		{22D63A0A-FC3B-4DBF-88B9-A078DAF82D33}.Debug|ARM.ActiveCfg = Debug|x86
		{22D63A0A-FC3B-4DBF-88B9-A078DAF82D33}.Debug|iPhone.ActiveCfg = Debug|x86
		{22D63A0A-FC3B-4DBF-88B9-A078DAF82D33}.Debug|iPhoneSimulator.ActiveCfg = Debug|x86
		{22D63A0A-FC3B-4DBF-88B9-A078DAF82D33}.Debug|x64.ActiveCfg = Debug|x86
		{22D63A0A-FC3B-4DBF-88B9-A078DAF82D33}.Debug|x86.ActiveCfg = Debug|x86
		{22D63A0A-FC3B-4DBF-88B9-A078DAF82D33}.Debug|x86.Build.0 = Debug|x86
		{22D63A0A-FC3B-4DBF-88B9-A078DAF82D33}.Release|Any CPU.ActiveCfg = Release|x86
		{22D63A0A-FC3B-4DBF-88B9-A078DAF82D33}.Release|ARM.ActiveCfg = Release|x86
		{22D63A0A-FC3B-4DBF-88B9-A078DAF82D33}.Release|iPhone.ActiveCfg = Release|x86
		{22D63A0A-FC3B-4DBF-88B9-A078DAF82D33}.Release|iPhoneSimulator.ActiveCfg = Release|x86
		{22D63A0A-FC3B-4DBF-88B9-A078DAF82D33}.Release|x64.ActiveCfg = Release|x86
		{22D63A0A-FC3B-4DBF-88B9-A078DAF82D33}.Release|x86.ActiveCfg = Release|x86
		{22D63A0A-FC3B-4DBF-88B9-A078DAF82D33}.Release|x86.Build.0 = Release|x86
		{135D3CA1-D4A7-4BBE-AD09-346995B9FE0C}.Ad-Hoc|Any CPU.ActiveCfg = Release|Any CPU
		{135D3CA1-D4A7-4BBE-AD09-346995B9FE0C}.Ad-Hoc|Any CPU.Build.0 = Release|Any CPU
		{135D3CA1-D4A7-4BBE-AD09-346995B9FE0C}.Ad-Hoc|ARM.ActiveCfg = Release|Any CPU
		{135D3CA1-D4A7-4BBE-AD09-346995B9FE0C}.Ad-Hoc|ARM.Build.0 = Release|Any CPU
		{135D3CA1-D4A7-4BBE-AD09-346995B9FE0C}.Ad-Hoc|iPhone.ActiveCfg = Release|Any CPU
		{135D3CA1-D4A7-4BBE-AD09-346995B9FE0C}.Ad-Hoc|iPhone.Build.0 = Release|Any CPU
		{135D3CA1-D4A7-4BBE-AD09-346995B9FE0C}.Ad-Hoc|iPhoneSimulator.ActiveCfg = Release|Any CPU
		{135D3CA1-D4A7-4BBE-AD09-346995B9FE0C}.Ad-Hoc|iPhoneSimulator.Build.0 = Release|Any CPU
		{135D3CA1-D4A7-4BBE-AD09-346995B9FE0C}.Ad-Hoc|x64.ActiveCfg = Release|Any CPU
		{135D3CA1-D4A7-4BBE-AD09-346995B9FE0C}.Ad-Hoc|x64.Build.0 = Release|Any CPU
		{135D3CA1-D4A7-4BBE-AD09-346995B9FE0C}.Ad-Hoc|x86.ActiveCfg = Release|Any CPU
		{135D3CA1-D4A7-4BBE-AD09-346995B9FE0C}.Ad-Hoc|x86.Build.0 = Release|Any CPU
		{135D3CA1-D4A7-4BBE-AD09-346995B9FE0C}.AppStore|Any CPU.ActiveCfg = Release|Any CPU
		{135D3CA1-D4A7-4BBE-AD09-346995B9FE0C}.AppStore|Any CPU.Build.0 = Release|Any CPU
		{135D3CA1-D4A7-4BBE-AD09-346995B9FE0C}.AppStore|ARM.ActiveCfg = Release|Any CPU
		{135D3CA1-D4A7-4BBE-AD09-346995B9FE0C}.AppStore|ARM.Build.0 = Release|Any CPU
		{135D3CA1-D4A7-4BBE-AD09-346995B9FE0C}.AppStore|iPhone.ActiveCfg = Release|Any CPU
		{135D3CA1-D4A7-4BBE-AD09-346995B9FE0C}.AppStore|iPhone.Build.0 = Release|Any CPU
		{135D3CA1-D4A7-4BBE-AD09-346995B9FE0C}.AppStore|iPhoneSimulator.ActiveCfg = Release|Any CPU
		{135D3CA1-D4A7-4BBE-AD09-346995B9FE0C}.AppStore|iPhoneSimulator.Build.0 = Release|Any CPU
		{135D3CA1-D4A7-4BBE-AD09-346995B9FE0C}.AppStore|x64.ActiveCfg = Release|Any CPU
		{135D3CA1-D4A7-4BBE-AD09-346995B9FE0C}.AppStore|x64.Build.0 = Release|Any CPU
		{135D3CA1-D4A7-4BBE-AD09-346995B9FE0C}.AppStore|x86.ActiveCfg = Release|Any CPU
		{135D3CA1-D4A7-4BBE-AD09-346995B9FE0C}.AppStore|x86.Build.0 = Release|Any CPU
		{135D3CA1-D4A7-4BBE-AD09-346995B9FE0C}.Debug|Any CPU.ActiveCfg = Debug|Any CPU
		{135D3CA1-D4A7-4BBE-AD09-346995B9FE0C}.Debug|Any CPU.Build.0 = Debug|Any CPU
		{135D3CA1-D4A7-4BBE-AD09-346995B9FE0C}.Debug|ARM.ActiveCfg = Debug|Any CPU
		{135D3CA1-D4A7-4BBE-AD09-346995B9FE0C}.Debug|ARM.Build.0 = Debug|Any CPU
		{135D3CA1-D4A7-4BBE-AD09-346995B9FE0C}.Debug|iPhone.ActiveCfg = Debug|Any CPU
		{135D3CA1-D4A7-4BBE-AD09-346995B9FE0C}.Debug|iPhone.Build.0 = Debug|Any CPU
		{135D3CA1-D4A7-4BBE-AD09-346995B9FE0C}.Debug|iPhoneSimulator.ActiveCfg = Debug|Any CPU
		{135D3CA1-D4A7-4BBE-AD09-346995B9FE0C}.Debug|iPhoneSimulator.Build.0 = Debug|Any CPU
		{135D3CA1-D4A7-4BBE-AD09-346995B9FE0C}.Debug|x64.ActiveCfg = Debug|Any CPU
		{135D3CA1-D4A7-4BBE-AD09-346995B9FE0C}.Debug|x64.Build.0 = Debug|Any CPU
		{135D3CA1-D4A7-4BBE-AD09-346995B9FE0C}.Debug|x86.ActiveCfg = Debug|Any CPU
		{135D3CA1-D4A7-4BBE-AD09-346995B9FE0C}.Debug|x86.Build.0 = Debug|Any CPU
		{135D3CA1-D4A7-4BBE-AD09-346995B9FE0C}.Release|Any CPU.ActiveCfg = Release|Any CPU
		{135D3CA1-D4A7-4BBE-AD09-346995B9FE0C}.Release|Any CPU.Build.0 = Release|Any CPU
		{135D3CA1-D4A7-4BBE-AD09-346995B9FE0C}.Release|ARM.ActiveCfg = Release|Any CPU
		{135D3CA1-D4A7-4BBE-AD09-346995B9FE0C}.Release|ARM.Build.0 = Release|Any CPU
		{135D3CA1-D4A7-4BBE-AD09-346995B9FE0C}.Release|iPhone.ActiveCfg = Release|Any CPU
		{135D3CA1-D4A7-4BBE-AD09-346995B9FE0C}.Release|iPhone.Build.0 = Release|Any CPU
		{135D3CA1-D4A7-4BBE-AD09-346995B9FE0C}.Release|iPhoneSimulator.ActiveCfg = Release|Any CPU
		{135D3CA1-D4A7-4BBE-AD09-346995B9FE0C}.Release|iPhoneSimulator.Build.0 = Release|Any CPU
		{135D3CA1-D4A7-4BBE-AD09-346995B9FE0C}.Release|x64.ActiveCfg = Release|Any CPU
		{135D3CA1-D4A7-4BBE-AD09-346995B9FE0C}.Release|x64.Build.0 = Release|Any CPU
		{135D3CA1-D4A7-4BBE-AD09-346995B9FE0C}.Release|x86.ActiveCfg = Release|Any CPU
		{135D3CA1-D4A7-4BBE-AD09-346995B9FE0C}.Release|x86.Build.0 = Release|Any CPU
		{E1808D97-1970-4560-B497-BDB763E4FCA9}.Ad-Hoc|Any CPU.ActiveCfg = Release|Any CPU
		{E1808D97-1970-4560-B497-BDB763E4FCA9}.Ad-Hoc|Any CPU.Build.0 = Release|Any CPU
		{E1808D97-1970-4560-B497-BDB763E4FCA9}.Ad-Hoc|ARM.ActiveCfg = Release|Any CPU
		{E1808D97-1970-4560-B497-BDB763E4FCA9}.Ad-Hoc|ARM.Build.0 = Release|Any CPU
		{E1808D97-1970-4560-B497-BDB763E4FCA9}.Ad-Hoc|iPhone.ActiveCfg = Release|Any CPU
		{E1808D97-1970-4560-B497-BDB763E4FCA9}.Ad-Hoc|iPhone.Build.0 = Release|Any CPU
		{E1808D97-1970-4560-B497-BDB763E4FCA9}.Ad-Hoc|iPhoneSimulator.ActiveCfg = Release|Any CPU
		{E1808D97-1970-4560-B497-BDB763E4FCA9}.Ad-Hoc|iPhoneSimulator.Build.0 = Release|Any CPU
		{E1808D97-1970-4560-B497-BDB763E4FCA9}.Ad-Hoc|x64.ActiveCfg = Release|Any CPU
		{E1808D97-1970-4560-B497-BDB763E4FCA9}.Ad-Hoc|x64.Build.0 = Release|Any CPU
		{E1808D97-1970-4560-B497-BDB763E4FCA9}.Ad-Hoc|x86.ActiveCfg = Release|Any CPU
		{E1808D97-1970-4560-B497-BDB763E4FCA9}.Ad-Hoc|x86.Build.0 = Release|Any CPU
		{E1808D97-1970-4560-B497-BDB763E4FCA9}.AppStore|Any CPU.ActiveCfg = Release|Any CPU
		{E1808D97-1970-4560-B497-BDB763E4FCA9}.AppStore|Any CPU.Build.0 = Release|Any CPU
		{E1808D97-1970-4560-B497-BDB763E4FCA9}.AppStore|ARM.ActiveCfg = Release|Any CPU
		{E1808D97-1970-4560-B497-BDB763E4FCA9}.AppStore|ARM.Build.0 = Release|Any CPU
		{E1808D97-1970-4560-B497-BDB763E4FCA9}.AppStore|iPhone.ActiveCfg = Release|Any CPU
		{E1808D97-1970-4560-B497-BDB763E4FCA9}.AppStore|iPhone.Build.0 = Release|Any CPU
		{E1808D97-1970-4560-B497-BDB763E4FCA9}.AppStore|iPhoneSimulator.ActiveCfg = Release|Any CPU
		{E1808D97-1970-4560-B497-BDB763E4FCA9}.AppStore|iPhoneSimulator.Build.0 = Release|Any CPU
		{E1808D97-1970-4560-B497-BDB763E4FCA9}.AppStore|x64.ActiveCfg = Release|Any CPU
		{E1808D97-1970-4560-B497-BDB763E4FCA9}.AppStore|x64.Build.0 = Release|Any CPU
		{E1808D97-1970-4560-B497-BDB763E4FCA9}.AppStore|x86.ActiveCfg = Release|Any CPU
		{E1808D97-1970-4560-B497-BDB763E4FCA9}.AppStore|x86.Build.0 = Release|Any CPU
		{E1808D97-1970-4560-B497-BDB763E4FCA9}.Debug|Any CPU.ActiveCfg = Debug|Any CPU
		{E1808D97-1970-4560-B497-BDB763E4FCA9}.Debug|Any CPU.Build.0 = Debug|Any CPU
		{E1808D97-1970-4560-B497-BDB763E4FCA9}.Debug|ARM.ActiveCfg = Debug|Any CPU
		{E1808D97-1970-4560-B497-BDB763E4FCA9}.Debug|ARM.Build.0 = Debug|Any CPU
		{E1808D97-1970-4560-B497-BDB763E4FCA9}.Debug|iPhone.ActiveCfg = Debug|Any CPU
		{E1808D97-1970-4560-B497-BDB763E4FCA9}.Debug|iPhone.Build.0 = Debug|Any CPU
		{E1808D97-1970-4560-B497-BDB763E4FCA9}.Debug|iPhoneSimulator.ActiveCfg = Debug|Any CPU
		{E1808D97-1970-4560-B497-BDB763E4FCA9}.Debug|iPhoneSimulator.Build.0 = Debug|Any CPU
		{E1808D97-1970-4560-B497-BDB763E4FCA9}.Debug|x64.ActiveCfg = Debug|Any CPU
		{E1808D97-1970-4560-B497-BDB763E4FCA9}.Debug|x64.Build.0 = Debug|Any CPU
		{E1808D97-1970-4560-B497-BDB763E4FCA9}.Debug|x86.ActiveCfg = Debug|Any CPU
		{E1808D97-1970-4560-B497-BDB763E4FCA9}.Debug|x86.Build.0 = Debug|Any CPU
		{E1808D97-1970-4560-B497-BDB763E4FCA9}.Release|Any CPU.ActiveCfg = Release|Any CPU
		{E1808D97-1970-4560-B497-BDB763E4FCA9}.Release|Any CPU.Build.0 = Release|Any CPU
		{E1808D97-1970-4560-B497-BDB763E4FCA9}.Release|ARM.ActiveCfg = Release|Any CPU
		{E1808D97-1970-4560-B497-BDB763E4FCA9}.Release|ARM.Build.0 = Release|Any CPU
		{E1808D97-1970-4560-B497-BDB763E4FCA9}.Release|iPhone.ActiveCfg = Release|Any CPU
		{E1808D97-1970-4560-B497-BDB763E4FCA9}.Release|iPhone.Build.0 = Release|Any CPU
		{E1808D97-1970-4560-B497-BDB763E4FCA9}.Release|iPhoneSimulator.ActiveCfg = Release|Any CPU
		{E1808D97-1970-4560-B497-BDB763E4FCA9}.Release|iPhoneSimulator.Build.0 = Release|Any CPU
		{E1808D97-1970-4560-B497-BDB763E4FCA9}.Release|x64.ActiveCfg = Release|Any CPU
		{E1808D97-1970-4560-B497-BDB763E4FCA9}.Release|x64.Build.0 = Release|Any CPU
		{E1808D97-1970-4560-B497-BDB763E4FCA9}.Release|x86.ActiveCfg = Release|Any CPU
		{E1808D97-1970-4560-B497-BDB763E4FCA9}.Release|x86.Build.0 = Release|Any CPU
		{85D82E87-420D-4A67-9B8B-4297A4A105CF}.Ad-Hoc|Any CPU.ActiveCfg = Release|Any CPU
		{85D82E87-420D-4A67-9B8B-4297A4A105CF}.Ad-Hoc|Any CPU.Build.0 = Release|Any CPU
		{85D82E87-420D-4A67-9B8B-4297A4A105CF}.Ad-Hoc|ARM.ActiveCfg = Release|ARM
		{85D82E87-420D-4A67-9B8B-4297A4A105CF}.Ad-Hoc|ARM.Build.0 = Release|ARM
		{85D82E87-420D-4A67-9B8B-4297A4A105CF}.Ad-Hoc|iPhone.ActiveCfg = Release|Any CPU
		{85D82E87-420D-4A67-9B8B-4297A4A105CF}.Ad-Hoc|iPhone.Build.0 = Release|Any CPU
		{85D82E87-420D-4A67-9B8B-4297A4A105CF}.Ad-Hoc|iPhoneSimulator.ActiveCfg = Release|Any CPU
		{85D82E87-420D-4A67-9B8B-4297A4A105CF}.Ad-Hoc|iPhoneSimulator.Build.0 = Release|Any CPU
		{85D82E87-420D-4A67-9B8B-4297A4A105CF}.Ad-Hoc|x64.ActiveCfg = Release|Any CPU
		{85D82E87-420D-4A67-9B8B-4297A4A105CF}.Ad-Hoc|x64.Build.0 = Release|Any CPU
		{85D82E87-420D-4A67-9B8B-4297A4A105CF}.Ad-Hoc|x86.ActiveCfg = Release|x86
		{85D82E87-420D-4A67-9B8B-4297A4A105CF}.Ad-Hoc|x86.Build.0 = Release|x86
		{85D82E87-420D-4A67-9B8B-4297A4A105CF}.AppStore|Any CPU.ActiveCfg = Release|Any CPU
		{85D82E87-420D-4A67-9B8B-4297A4A105CF}.AppStore|Any CPU.Build.0 = Release|Any CPU
		{85D82E87-420D-4A67-9B8B-4297A4A105CF}.AppStore|ARM.ActiveCfg = Release|ARM
		{85D82E87-420D-4A67-9B8B-4297A4A105CF}.AppStore|ARM.Build.0 = Release|ARM
		{85D82E87-420D-4A67-9B8B-4297A4A105CF}.AppStore|iPhone.ActiveCfg = Release|Any CPU
		{85D82E87-420D-4A67-9B8B-4297A4A105CF}.AppStore|iPhone.Build.0 = Release|Any CPU
		{85D82E87-420D-4A67-9B8B-4297A4A105CF}.AppStore|iPhoneSimulator.ActiveCfg = Release|Any CPU
		{85D82E87-420D-4A67-9B8B-4297A4A105CF}.AppStore|iPhoneSimulator.Build.0 = Release|Any CPU
		{85D82E87-420D-4A67-9B8B-4297A4A105CF}.AppStore|x64.ActiveCfg = Release|Any CPU
		{85D82E87-420D-4A67-9B8B-4297A4A105CF}.AppStore|x64.Build.0 = Release|Any CPU
		{85D82E87-420D-4A67-9B8B-4297A4A105CF}.AppStore|x86.ActiveCfg = Release|x86
		{85D82E87-420D-4A67-9B8B-4297A4A105CF}.AppStore|x86.Build.0 = Release|x86
		{85D82E87-420D-4A67-9B8B-4297A4A105CF}.Debug|Any CPU.ActiveCfg = Debug|Any CPU
		{85D82E87-420D-4A67-9B8B-4297A4A105CF}.Debug|Any CPU.Build.0 = Debug|Any CPU
		{85D82E87-420D-4A67-9B8B-4297A4A105CF}.Debug|ARM.ActiveCfg = Debug|ARM
		{85D82E87-420D-4A67-9B8B-4297A4A105CF}.Debug|ARM.Build.0 = Debug|ARM
		{85D82E87-420D-4A67-9B8B-4297A4A105CF}.Debug|iPhone.ActiveCfg = Debug|Any CPU
		{85D82E87-420D-4A67-9B8B-4297A4A105CF}.Debug|iPhone.Build.0 = Debug|Any CPU
		{85D82E87-420D-4A67-9B8B-4297A4A105CF}.Debug|iPhoneSimulator.ActiveCfg = Debug|Any CPU
		{85D82E87-420D-4A67-9B8B-4297A4A105CF}.Debug|iPhoneSimulator.Build.0 = Debug|Any CPU
		{85D82E87-420D-4A67-9B8B-4297A4A105CF}.Debug|x64.ActiveCfg = Debug|Any CPU
		{85D82E87-420D-4A67-9B8B-4297A4A105CF}.Debug|x64.Build.0 = Debug|Any CPU
		{85D82E87-420D-4A67-9B8B-4297A4A105CF}.Debug|x86.ActiveCfg = Debug|x86
		{85D82E87-420D-4A67-9B8B-4297A4A105CF}.Debug|x86.Build.0 = Debug|x86
		{85D82E87-420D-4A67-9B8B-4297A4A105CF}.Release|Any CPU.ActiveCfg = Release|Any CPU
		{85D82E87-420D-4A67-9B8B-4297A4A105CF}.Release|Any CPU.Build.0 = Release|Any CPU
		{85D82E87-420D-4A67-9B8B-4297A4A105CF}.Release|ARM.ActiveCfg = Release|ARM
		{85D82E87-420D-4A67-9B8B-4297A4A105CF}.Release|ARM.Build.0 = Release|ARM
		{85D82E87-420D-4A67-9B8B-4297A4A105CF}.Release|iPhone.ActiveCfg = Release|Any CPU
		{85D82E87-420D-4A67-9B8B-4297A4A105CF}.Release|iPhone.Build.0 = Release|Any CPU
		{85D82E87-420D-4A67-9B8B-4297A4A105CF}.Release|iPhoneSimulator.ActiveCfg = Release|Any CPU
		{85D82E87-420D-4A67-9B8B-4297A4A105CF}.Release|iPhoneSimulator.Build.0 = Release|Any CPU
		{85D82E87-420D-4A67-9B8B-4297A4A105CF}.Release|x64.ActiveCfg = Release|Any CPU
		{85D82E87-420D-4A67-9B8B-4297A4A105CF}.Release|x64.Build.0 = Release|Any CPU
		{85D82E87-420D-4A67-9B8B-4297A4A105CF}.Release|x86.ActiveCfg = Release|x86
		{85D82E87-420D-4A67-9B8B-4297A4A105CF}.Release|x86.Build.0 = Release|x86
		{49D8530A-4B3A-4E28-A209-7EE3BA0086E7}.Ad-Hoc|Any CPU.ActiveCfg = Release|ARM
		{49D8530A-4B3A-4E28-A209-7EE3BA0086E7}.Ad-Hoc|Any CPU.Build.0 = Release|ARM
		{49D8530A-4B3A-4E28-A209-7EE3BA0086E7}.Ad-Hoc|Any CPU.Deploy.0 = Release|ARM
		{49D8530A-4B3A-4E28-A209-7EE3BA0086E7}.Ad-Hoc|ARM.ActiveCfg = Release|ARM
		{49D8530A-4B3A-4E28-A209-7EE3BA0086E7}.Ad-Hoc|ARM.Build.0 = Release|ARM
		{49D8530A-4B3A-4E28-A209-7EE3BA0086E7}.Ad-Hoc|ARM.Deploy.0 = Release|ARM
		{49D8530A-4B3A-4E28-A209-7EE3BA0086E7}.Ad-Hoc|iPhone.ActiveCfg = Release|ARM
		{49D8530A-4B3A-4E28-A209-7EE3BA0086E7}.Ad-Hoc|iPhone.Build.0 = Release|ARM
		{49D8530A-4B3A-4E28-A209-7EE3BA0086E7}.Ad-Hoc|iPhone.Deploy.0 = Release|ARM
		{49D8530A-4B3A-4E28-A209-7EE3BA0086E7}.Ad-Hoc|iPhoneSimulator.ActiveCfg = Release|ARM
		{49D8530A-4B3A-4E28-A209-7EE3BA0086E7}.Ad-Hoc|iPhoneSimulator.Build.0 = Release|ARM
		{49D8530A-4B3A-4E28-A209-7EE3BA0086E7}.Ad-Hoc|iPhoneSimulator.Deploy.0 = Release|ARM
		{49D8530A-4B3A-4E28-A209-7EE3BA0086E7}.Ad-Hoc|x64.ActiveCfg = Release|ARM
		{49D8530A-4B3A-4E28-A209-7EE3BA0086E7}.Ad-Hoc|x64.Build.0 = Release|ARM
		{49D8530A-4B3A-4E28-A209-7EE3BA0086E7}.Ad-Hoc|x64.Deploy.0 = Release|ARM
		{49D8530A-4B3A-4E28-A209-7EE3BA0086E7}.Ad-Hoc|x86.ActiveCfg = Release|x86
		{49D8530A-4B3A-4E28-A209-7EE3BA0086E7}.Ad-Hoc|x86.Build.0 = Release|x86
		{49D8530A-4B3A-4E28-A209-7EE3BA0086E7}.Ad-Hoc|x86.Deploy.0 = Release|x86
		{49D8530A-4B3A-4E28-A209-7EE3BA0086E7}.AppStore|Any CPU.ActiveCfg = Release|ARM
		{49D8530A-4B3A-4E28-A209-7EE3BA0086E7}.AppStore|Any CPU.Build.0 = Release|ARM
		{49D8530A-4B3A-4E28-A209-7EE3BA0086E7}.AppStore|Any CPU.Deploy.0 = Release|ARM
		{49D8530A-4B3A-4E28-A209-7EE3BA0086E7}.AppStore|ARM.ActiveCfg = Release|ARM
		{49D8530A-4B3A-4E28-A209-7EE3BA0086E7}.AppStore|ARM.Build.0 = Release|ARM
		{49D8530A-4B3A-4E28-A209-7EE3BA0086E7}.AppStore|ARM.Deploy.0 = Release|ARM
		{49D8530A-4B3A-4E28-A209-7EE3BA0086E7}.AppStore|iPhone.ActiveCfg = Release|ARM
		{49D8530A-4B3A-4E28-A209-7EE3BA0086E7}.AppStore|iPhone.Build.0 = Release|ARM
		{49D8530A-4B3A-4E28-A209-7EE3BA0086E7}.AppStore|iPhone.Deploy.0 = Release|ARM
		{49D8530A-4B3A-4E28-A209-7EE3BA0086E7}.AppStore|iPhoneSimulator.ActiveCfg = Release|ARM
		{49D8530A-4B3A-4E28-A209-7EE3BA0086E7}.AppStore|iPhoneSimulator.Build.0 = Release|ARM
		{49D8530A-4B3A-4E28-A209-7EE3BA0086E7}.AppStore|iPhoneSimulator.Deploy.0 = Release|ARM
		{49D8530A-4B3A-4E28-A209-7EE3BA0086E7}.AppStore|x64.ActiveCfg = Release|ARM
		{49D8530A-4B3A-4E28-A209-7EE3BA0086E7}.AppStore|x64.Build.0 = Release|ARM
		{49D8530A-4B3A-4E28-A209-7EE3BA0086E7}.AppStore|x64.Deploy.0 = Release|ARM
		{49D8530A-4B3A-4E28-A209-7EE3BA0086E7}.AppStore|x86.ActiveCfg = Release|x86
		{49D8530A-4B3A-4E28-A209-7EE3BA0086E7}.AppStore|x86.Build.0 = Release|x86
		{49D8530A-4B3A-4E28-A209-7EE3BA0086E7}.AppStore|x86.Deploy.0 = Release|x86
		{49D8530A-4B3A-4E28-A209-7EE3BA0086E7}.Debug|Any CPU.ActiveCfg = Debug|x86
		{49D8530A-4B3A-4E28-A209-7EE3BA0086E7}.Debug|ARM.ActiveCfg = Debug|ARM
		{49D8530A-4B3A-4E28-A209-7EE3BA0086E7}.Debug|ARM.Build.0 = Debug|ARM
		{49D8530A-4B3A-4E28-A209-7EE3BA0086E7}.Debug|ARM.Deploy.0 = Debug|ARM
		{49D8530A-4B3A-4E28-A209-7EE3BA0086E7}.Debug|iPhone.ActiveCfg = Debug|x86
		{49D8530A-4B3A-4E28-A209-7EE3BA0086E7}.Debug|iPhoneSimulator.ActiveCfg = Debug|x86
		{49D8530A-4B3A-4E28-A209-7EE3BA0086E7}.Debug|x64.ActiveCfg = Debug|x86
		{49D8530A-4B3A-4E28-A209-7EE3BA0086E7}.Debug|x86.ActiveCfg = Debug|x86
		{49D8530A-4B3A-4E28-A209-7EE3BA0086E7}.Debug|x86.Build.0 = Debug|x86
		{49D8530A-4B3A-4E28-A209-7EE3BA0086E7}.Debug|x86.Deploy.0 = Debug|x86
		{49D8530A-4B3A-4E28-A209-7EE3BA0086E7}.Release|Any CPU.ActiveCfg = Release|x86
		{49D8530A-4B3A-4E28-A209-7EE3BA0086E7}.Release|ARM.ActiveCfg = Release|ARM
		{49D8530A-4B3A-4E28-A209-7EE3BA0086E7}.Release|ARM.Build.0 = Release|ARM
		{49D8530A-4B3A-4E28-A209-7EE3BA0086E7}.Release|ARM.Deploy.0 = Release|ARM
		{49D8530A-4B3A-4E28-A209-7EE3BA0086E7}.Release|iPhone.ActiveCfg = Release|x86
		{49D8530A-4B3A-4E28-A209-7EE3BA0086E7}.Release|iPhoneSimulator.ActiveCfg = Release|x86
		{49D8530A-4B3A-4E28-A209-7EE3BA0086E7}.Release|x64.ActiveCfg = Release|x86
		{49D8530A-4B3A-4E28-A209-7EE3BA0086E7}.Release|x86.ActiveCfg = Release|x86
		{49D8530A-4B3A-4E28-A209-7EE3BA0086E7}.Release|x86.Build.0 = Release|x86
		{49D8530A-4B3A-4E28-A209-7EE3BA0086E7}.Release|x86.Deploy.0 = Release|x86
	EndGlobalSection
	GlobalSection(SolutionProperties) = preSolution
		HideSolutionNode = FALSE
	EndGlobalSection
EndGlobal
